// !$*UTF8*$!
{
	archiveVersion = 1;
	classes = {
	};
	objectVersion = 50;
	objects = {

/* Begin PBXBuildFile section */
		3605442725E18E2A0038CBC6 /* Stimuglove_App_by_CipniaApp.swift in Sources */ = {isa = PBXBuildFile; fileRef = 3605442625E18E2A0038CBC6 /* Stimuglove_App_by_CipniaApp.swift */; };
		3605442925E18E2A0038CBC6 /* ContentView.swift in Sources */ = {isa = PBXBuildFile; fileRef = 3605442825E18E2A0038CBC6 /* ContentView.swift */; };
		3605442B25E18E2C0038CBC6 /* Assets.xcassets in Resources */ = {isa = PBXBuildFile; fileRef = 3605442A25E18E2C0038CBC6 /* Assets.xcassets */; };
		3605442E25E18E2C0038CBC6 /* Preview Assets.xcassets in Resources */ = {isa = PBXBuildFile; fileRef = 3605442D25E18E2C0038CBC6 /* Preview Assets.xcassets */; };
		3605443925E18E2C0038CBC6 /* Stimuglove_App_by_CipniaTests.swift in Sources */ = {isa = PBXBuildFile; fileRef = 3605443825E18E2C0038CBC6 /* Stimuglove_App_by_CipniaTests.swift */; };
		3605444425E18E2C0038CBC6 /* Stimuglove_App_by_CipniaUITests.swift in Sources */ = {isa = PBXBuildFile; fileRef = 3605444325E18E2C0038CBC6 /* Stimuglove_App_by_CipniaUITests.swift */; };
/* End PBXBuildFile section */

/* Begin PBXContainerItemProxy section */
		3605443525E18E2C0038CBC6 /* PBXContainerItemProxy */ = {
			isa = PBXContainerItemProxy;
			containerPortal = 3605441B25E18E2A0038CBC6 /* Project object */;
			proxyType = 1;
			remoteGlobalIDString = 3605442225E18E2A0038CBC6;
			remoteInfo = "Stimuglove App by Cipnia";
		};
		3605444025E18E2C0038CBC6 /* PBXContainerItemProxy */ = {
			isa = PBXContainerItemProxy;
			containerPortal = 3605441B25E18E2A0038CBC6 /* Project object */;
			proxyType = 1;
			remoteGlobalIDString = 3605442225E18E2A0038CBC6;
			remoteInfo = "Stimuglove App by Cipnia";
		};
/* End PBXContainerItemProxy section */

/* Begin PBXFileReference section */
		3605442325E18E2A0038CBC6 /* Stimuglove App by Cipnia.app */ = {isa = PBXFileReference; explicitFileType = wrapper.application; includeInIndex = 0; path = "Stimuglove App by Cipnia.app"; sourceTree = BUILT_PRODUCTS_DIR; };
		3605442625E18E2A0038CBC6 /* Stimuglove_App_by_CipniaApp.swift */ = {isa = PBXFileReference; lastKnownFileType = sourcecode.swift; path = Stimuglove_App_by_CipniaApp.swift; sourceTree = "<group>"; };
		3605442825E18E2A0038CBC6 /* ContentView.swift */ = {isa = PBXFileReference; lastKnownFileType = sourcecode.swift; path = ContentView.swift; sourceTree = "<group>"; };
		3605442A25E18E2C0038CBC6 /* Assets.xcassets */ = {isa = PBXFileReference; lastKnownFileType = folder.assetcatalog; path = Assets.xcassets; sourceTree = "<group>"; };
		3605442D25E18E2C0038CBC6 /* Preview Assets.xcassets */ = {isa = PBXFileReference; lastKnownFileType = folder.assetcatalog; path = "Preview Assets.xcassets"; sourceTree = "<group>"; };
		3605442F25E18E2C0038CBC6 /* Info.plist */ = {isa = PBXFileReference; lastKnownFileType = text.plist.xml; path = Info.plist; sourceTree = "<group>"; };
		3605443425E18E2C0038CBC6 /* Stimuglove App by CipniaTests.xctest */ = {isa = PBXFileReference; explicitFileType = wrapper.cfbundle; includeInIndex = 0; path = "Stimuglove App by CipniaTests.xctest"; sourceTree = BUILT_PRODUCTS_DIR; };
		3605443825E18E2C0038CBC6 /* Stimuglove_App_by_CipniaTests.swift */ = {isa = PBXFileReference; lastKnownFileType = sourcecode.swift; path = Stimuglove_App_by_CipniaTests.swift; sourceTree = "<group>"; };
		3605443A25E18E2C0038CBC6 /* Info.plist */ = {isa = PBXFileReference; lastKnownFileType = text.plist.xml; path = Info.plist; sourceTree = "<group>"; };
		3605443F25E18E2C0038CBC6 /* Stimuglove App by CipniaUITests.xctest */ = {isa = PBXFileReference; explicitFileType = wrapper.cfbundle; includeInIndex = 0; path = "Stimuglove App by CipniaUITests.xctest"; sourceTree = BUILT_PRODUCTS_DIR; };
		3605444325E18E2C0038CBC6 /* Stimuglove_App_by_CipniaUITests.swift */ = {isa = PBXFileReference; lastKnownFileType = sourcecode.swift; path = Stimuglove_App_by_CipniaUITests.swift; sourceTree = "<group>"; };
		3605444525E18E2C0038CBC6 /* Info.plist */ = {isa = PBXFileReference; lastKnownFileType = text.plist.xml; path = Info.plist; sourceTree = "<group>"; };
/* End PBXFileReference section */

/* Begin PBXFrameworksBuildPhase section */
		3605442025E18E2A0038CBC6 /* Frameworks */ = {
			isa = PBXFrameworksBuildPhase;
			buildActionMask = 2147483647;
			files = (
			);
			runOnlyForDeploymentPostprocessing = 0;
		};
		3605443125E18E2C0038CBC6 /* Frameworks */ = {
			isa = PBXFrameworksBuildPhase;
			buildActionMask = 2147483647;
			files = (
			);
			runOnlyForDeploymentPostprocessing = 0;
		};
		3605443C25E18E2C0038CBC6 /* Frameworks */ = {
			isa = PBXFrameworksBuildPhase;
			buildActionMask = 2147483647;
			files = (
			);
			runOnlyForDeploymentPostprocessing = 0;
		};
/* End PBXFrameworksBuildPhase section */

/* Begin PBXGroup section */
		3605441A25E18E2A0038CBC6 = {
			isa = PBXGroup;
			children = (
				3605442525E18E2A0038CBC6 /* Stimuglove App by Cipnia */,
				3605443725E18E2C0038CBC6 /* Stimuglove App by CipniaTests */,
				3605444225E18E2C0038CBC6 /* Stimuglove App by CipniaUITests */,
				3605442425E18E2A0038CBC6 /* Products */,
			);
			sourceTree = "<group>";
		};
		3605442425E18E2A0038CBC6 /* Products */ = {
			isa = PBXGroup;
			children = (
				3605442325E18E2A0038CBC6 /* Stimuglove App by Cipnia.app */,
				3605443425E18E2C0038CBC6 /* Stimuglove App by CipniaTests.xctest */,
				3605443F25E18E2C0038CBC6 /* Stimuglove App by CipniaUITests.xctest */,
			);
			name = Products;
			sourceTree = "<group>";
		};
		3605442525E18E2A0038CBC6 /* Stimuglove App by Cipnia */ = {
			isa = PBXGroup;
			children = (
				3605442625E18E2A0038CBC6 /* Stimuglove_App_by_CipniaApp.swift */,
				3605442825E18E2A0038CBC6 /* ContentView.swift */,
				3605442A25E18E2C0038CBC6 /* Assets.xcassets */,
				3605442F25E18E2C0038CBC6 /* Info.plist */,
				3605442C25E18E2C0038CBC6 /* Preview Content */,
			);
			path = "Stimuglove App by Cipnia";
			sourceTree = "<group>";
		};
		3605442C25E18E2C0038CBC6 /* Preview Content */ = {
			isa = PBXGroup;
			children = (
				3605442D25E18E2C0038CBC6 /* Preview Assets.xcassets */,
			);
			path = "Preview Content";
			sourceTree = "<group>";
		};
		3605443725E18E2C0038CBC6 /* Stimuglove App by CipniaTests */ = {
			isa = PBXGroup;
			children = (
				3605443825E18E2C0038CBC6 /* Stimuglove_App_by_CipniaTests.swift */,
				3605443A25E18E2C0038CBC6 /* Info.plist */,
			);
			path = "Stimuglove App by CipniaTests";
			sourceTree = "<group>";
		};
		3605444225E18E2C0038CBC6 /* Stimuglove App by CipniaUITests */ = {
			isa = PBXGroup;
			children = (
				3605444325E18E2C0038CBC6 /* Stimuglove_App_by_CipniaUITests.swift */,
				3605444525E18E2C0038CBC6 /* Info.plist */,
			);
			path = "Stimuglove App by CipniaUITests";
			sourceTree = "<group>";
		};
/* End PBXGroup section */

/* Begin PBXNativeTarget section */
		3605442225E18E2A0038CBC6 /* Stimuglove App by Cipnia */ = {
			isa = PBXNativeTarget;
			buildConfigurationList = 3605444825E18E2C0038CBC6 /* Build configuration list for PBXNativeTarget "Stimuglove App by Cipnia" */;
			buildPhases = (
				3605441F25E18E2A0038CBC6 /* Sources */,
				3605442025E18E2A0038CBC6 /* Frameworks */,
				3605442125E18E2A0038CBC6 /* Resources */,
			);
			buildRules = (
			);
			dependencies = (
			);
			name = "Stimuglove App by Cipnia";
			productName = "Stimuglove App by Cipnia";
			productReference = 3605442325E18E2A0038CBC6 /* Stimuglove App by Cipnia.app */;
			productType = "com.apple.product-type.application";
		};
		3605443325E18E2C0038CBC6 /* Stimuglove App by CipniaTests */ = {
			isa = PBXNativeTarget;
			buildConfigurationList = 3605444B25E18E2C0038CBC6 /* Build configuration list for PBXNativeTarget "Stimuglove App by CipniaTests" */;
			buildPhases = (
				3605443025E18E2C0038CBC6 /* Sources */,
				3605443125E18E2C0038CBC6 /* Frameworks */,
				3605443225E18E2C0038CBC6 /* Resources */,
			);
			buildRules = (
			);
			dependencies = (
				3605443625E18E2C0038CBC6 /* PBXTargetDependency */,
			);
			name = "Stimuglove App by CipniaTests";
			productName = "Stimuglove App by CipniaTests";
			productReference = 3605443425E18E2C0038CBC6 /* Stimuglove App by CipniaTests.xctest */;
			productType = "com.apple.product-type.bundle.unit-test";
		};
		3605443E25E18E2C0038CBC6 /* Stimuglove App by CipniaUITests */ = {
			isa = PBXNativeTarget;
			buildConfigurationList = 3605444E25E18E2C0038CBC6 /* Build configuration list for PBXNativeTarget "Stimuglove App by CipniaUITests" */;
			buildPhases = (
				3605443B25E18E2C0038CBC6 /* Sources */,
				3605443C25E18E2C0038CBC6 /* Frameworks */,
				3605443D25E18E2C0038CBC6 /* Resources */,
			);
			buildRules = (
			);
			dependencies = (
				3605444125E18E2C0038CBC6 /* PBXTargetDependency */,
			);
			name = "Stimuglove App by CipniaUITests";
			productName = "Stimuglove App by CipniaUITests";
			productReference = 3605443F25E18E2C0038CBC6 /* Stimuglove App by CipniaUITests.xctest */;
			productType = "com.apple.product-type.bundle.ui-testing";
		};
/* End PBXNativeTarget section */

/* Begin PBXProject section */
		3605441B25E18E2A0038CBC6 /* Project object */ = {
			isa = PBXProject;
			attributes = {
				LastSwiftUpdateCheck = 1240;
				LastUpgradeCheck = 1240;
				TargetAttributes = {
					3605442225E18E2A0038CBC6 = {
						CreatedOnToolsVersion = 12.4;
					};
					3605443325E18E2C0038CBC6 = {
						CreatedOnToolsVersion = 12.4;
						TestTargetID = 3605442225E18E2A0038CBC6;
					};
					3605443E25E18E2C0038CBC6 = {
						CreatedOnToolsVersion = 12.4;
						TestTargetID = 3605442225E18E2A0038CBC6;
					};
				};
			};
			buildConfigurationList = 3605441E25E18E2A0038CBC6 /* Build configuration list for PBXProject "Stimuglove App by Cipnia" */;
			compatibilityVersion = "Xcode 9.3";
			developmentRegion = en;
			hasScannedForEncodings = 0;
			knownRegions = (
				en,
				Base,
			);
			mainGroup = 3605441A25E18E2A0038CBC6;
			productRefGroup = 3605442425E18E2A0038CBC6 /* Products */;
			projectDirPath = "";
			projectRoot = "";
			targets = (
				3605442225E18E2A0038CBC6 /* Stimuglove App by Cipnia */,
				3605443325E18E2C0038CBC6 /* Stimuglove App by CipniaTests */,
				3605443E25E18E2C0038CBC6 /* Stimuglove App by CipniaUITests */,
			);
		};
/* End PBXProject section */

/* Begin PBXResourcesBuildPhase section */
		3605442125E18E2A0038CBC6 /* Resources */ = {
			isa = PBXResourcesBuildPhase;
			buildActionMask = 2147483647;
			files = (
				3605442E25E18E2C0038CBC6 /* Preview Assets.xcassets in Resources */,
				3605442B25E18E2C0038CBC6 /* Assets.xcassets in Resources */,
			);
			runOnlyForDeploymentPostprocessing = 0;
		};
		3605443225E18E2C0038CBC6 /* Resources */ = {
			isa = PBXResourcesBuildPhase;
			buildActionMask = 2147483647;
			files = (
			);
			runOnlyForDeploymentPostprocessing = 0;
		};
		3605443D25E18E2C0038CBC6 /* Resources */ = {
			isa = PBXResourcesBuildPhase;
			buildActionMask = 2147483647;
			files = (
			);
			runOnlyForDeploymentPostprocessing = 0;
		};
/* End PBXResourcesBuildPhase section */

/* Begin PBXSourcesBuildPhase section */
		3605441F25E18E2A0038CBC6 /* Sources */ = {
			isa = PBXSourcesBuildPhase;
			buildActionMask = 2147483647;
			files = (
				3605442925E18E2A0038CBC6 /* ContentView.swift in Sources */,
				3605442725E18E2A0038CBC6 /* Stimuglove_App_by_CipniaApp.swift in Sources */,
			);
			runOnlyForDeploymentPostprocessing = 0;
		};
		3605443025E18E2C0038CBC6 /* Sources */ = {
			isa = PBXSourcesBuildPhase;
			buildActionMask = 2147483647;
			files = (
				3605443925E18E2C0038CBC6 /* Stimuglove_App_by_CipniaTests.swift in Sources */,
			);
			runOnlyForDeploymentPostprocessing = 0;
		};
		3605443B25E18E2C0038CBC6 /* Sources */ = {
			isa = PBXSourcesBuildPhase;
			buildActionMask = 2147483647;
			files = (
				3605444425E18E2C0038CBC6 /* Stimuglove_App_by_CipniaUITests.swift in Sources */,
			);
			runOnlyForDeploymentPostprocessing = 0;
		};
/* End PBXSourcesBuildPhase section */

/* Begin PBXTargetDependency section */
		3605443625E18E2C0038CBC6 /* PBXTargetDependency */ = {
			isa = PBXTargetDependency;
			target = 3605442225E18E2A0038CBC6 /* Stimuglove App by Cipnia */;
			targetProxy = 3605443525E18E2C0038CBC6 /* PBXContainerItemProxy */;
		};
		3605444125E18E2C0038CBC6 /* PBXTargetDependency */ = {
			isa = PBXTargetDependency;
			target = 3605442225E18E2A0038CBC6 /* Stimuglove App by Cipnia */;
			targetProxy = 3605444025E18E2C0038CBC6 /* PBXContainerItemProxy */;
		};
/* End PBXTargetDependency section */

/* Begin XCBuildConfiguration section */
		3605444625E18E2C0038CBC6 /* Debug */ = {
			isa = XCBuildConfiguration;
			buildSettings = {
				ALWAYS_SEARCH_USER_PATHS = NO;
				CLANG_ANALYZER_NONNULL = YES;
				CLANG_ANALYZER_NUMBER_OBJECT_CONVERSION = YES_AGGRESSIVE;
				CLANG_CXX_LANGUAGE_STANDARD = "gnu++14";
				CLANG_CXX_LIBRARY = "libc++";
				CLANG_ENABLE_MODULES = YES;
				CLANG_ENABLE_OBJC_ARC = YES;
				CLANG_ENABLE_OBJC_WEAK = YES;
				CLANG_WARN_BLOCK_CAPTURE_AUTORELEASING = YES;
				CLANG_WARN_BOOL_CONVERSION = YES;
				CLANG_WARN_COMMA = YES;
				CLANG_WARN_CONSTANT_CONVERSION = YES;
				CLANG_WARN_DEPRECATED_OBJC_IMPLEMENTATIONS = YES;
				CLANG_WARN_DIRECT_OBJC_ISA_USAGE = YES_ERROR;
				CLANG_WARN_DOCUMENTATION_COMMENTS = YES;
				CLANG_WARN_EMPTY_BODY = YES;
				CLANG_WARN_ENUM_CONVERSION = YES;
				CLANG_WARN_INFINITE_RECURSION = YES;
				CLANG_WARN_INT_CONVERSION = YES;
				CLANG_WARN_NON_LITERAL_NULL_CONVERSION = YES;
				CLANG_WARN_OBJC_IMPLICIT_RETAIN_SELF = YES;
				CLANG_WARN_OBJC_LITERAL_CONVERSION = YES;
				CLANG_WARN_OBJC_ROOT_CLASS = YES_ERROR;
				CLANG_WARN_QUOTED_INCLUDE_IN_FRAMEWORK_HEADER = YES;
				CLANG_WARN_RANGE_LOOP_ANALYSIS = YES;
				CLANG_WARN_STRICT_PROTOTYPES = YES;
				CLANG_WARN_SUSPICIOUS_MOVE = YES;
				CLANG_WARN_UNGUARDED_AVAILABILITY = YES_AGGRESSIVE;
				CLANG_WARN_UNREACHABLE_CODE = YES;
				CLANG_WARN__DUPLICATE_METHOD_MATCH = YES;
				COPY_PHASE_STRIP = NO;
				DEBUG_INFORMATION_FORMAT = dwarf;
				ENABLE_STRICT_OBJC_MSGSEND = YES;
				ENABLE_TESTABILITY = YES;
				GCC_C_LANGUAGE_STANDARD = gnu11;
				GCC_DYNAMIC_NO_PIC = NO;
				GCC_NO_COMMON_BLOCKS = YES;
				GCC_OPTIMIZATION_LEVEL = 0;
				GCC_PREPROCESSOR_DEFINITIONS = (
					"DEBUG=1",
					"$(inherited)",
				);
				GCC_WARN_64_TO_32_BIT_CONVERSION = YES;
				GCC_WARN_ABOUT_RETURN_TYPE = YES_ERROR;
				GCC_WARN_UNDECLARED_SELECTOR = YES;
				GCC_WARN_UNINITIALIZED_AUTOS = YES_AGGRESSIVE;
				GCC_WARN_UNUSED_FUNCTION = YES;
				GCC_WARN_UNUSED_VARIABLE = YES;
				IPHONEOS_DEPLOYMENT_TARGET = 14.4;
				MTL_ENABLE_DEBUG_INFO = INCLUDE_SOURCE;
				MTL_FAST_MATH = YES;
				ONLY_ACTIVE_ARCH = YES;
				SDKROOT = iphoneos;
				SWIFT_ACTIVE_COMPILATION_CONDITIONS = DEBUG;
				SWIFT_OPTIMIZATION_LEVEL = "-Onone";
			};
			name = Debug;
		};
		3605444725E18E2C0038CBC6 /* Release */ = {
			isa = XCBuildConfiguration;
			buildSettings = {
				ALWAYS_SEARCH_USER_PATHS = NO;
				CLANG_ANALYZER_NONNULL = YES;
				CLANG_ANALYZER_NUMBER_OBJECT_CONVERSION = YES_AGGRESSIVE;
				CLANG_CXX_LANGUAGE_STANDARD = "gnu++14";
				CLANG_CXX_LIBRARY = "libc++";
				CLANG_ENABLE_MODULES = YES;
				CLANG_ENABLE_OBJC_ARC = YES;
				CLANG_ENABLE_OBJC_WEAK = YES;
				CLANG_WARN_BLOCK_CAPTURE_AUTORELEASING = YES;
				CLANG_WARN_BOOL_CONVERSION = YES;
				CLANG_WARN_COMMA = YES;
				CLANG_WARN_CONSTANT_CONVERSION = YES;
				CLANG_WARN_DEPRECATED_OBJC_IMPLEMENTATIONS = YES;
				CLANG_WARN_DIRECT_OBJC_ISA_USAGE = YES_ERROR;
				CLANG_WARN_DOCUMENTATION_COMMENTS = YES;
				CLANG_WARN_EMPTY_BODY = YES;
				CLANG_WARN_ENUM_CONVERSION = YES;
				CLANG_WARN_INFINITE_RECURSION = YES;
				CLANG_WARN_INT_CONVERSION = YES;
				CLANG_WARN_NON_LITERAL_NULL_CONVERSION = YES;
				CLANG_WARN_OBJC_IMPLICIT_RETAIN_SELF = YES;
				CLANG_WARN_OBJC_LITERAL_CONVERSION = YES;
				CLANG_WARN_OBJC_ROOT_CLASS = YES_ERROR;
				CLANG_WARN_QUOTED_INCLUDE_IN_FRAMEWORK_HEADER = YES;
				CLANG_WARN_RANGE_LOOP_ANALYSIS = YES;
				CLANG_WARN_STRICT_PROTOTYPES = YES;
				CLANG_WARN_SUSPICIOUS_MOVE = YES;
				CLANG_WARN_UNGUARDED_AVAILABILITY = YES_AGGRESSIVE;
				CLANG_WARN_UNREACHABLE_CODE = YES;
				CLANG_WARN__DUPLICATE_METHOD_MATCH = YES;
				COPY_PHASE_STRIP = NO;
				DEBUG_INFORMATION_FORMAT = "dwarf-with-dsym";
				ENABLE_NS_ASSERTIONS = NO;
				ENABLE_STRICT_OBJC_MSGSEND = YES;
				GCC_C_LANGUAGE_STANDARD = gnu11;
				GCC_NO_COMMON_BLOCKS = YES;
				GCC_WARN_64_TO_32_BIT_CONVERSION = YES;
				GCC_WARN_ABOUT_RETURN_TYPE = YES_ERROR;
				GCC_WARN_UNDECLARED_SELECTOR = YES;
				GCC_WARN_UNINITIALIZED_AUTOS = YES_AGGRESSIVE;
				GCC_WARN_UNUSED_FUNCTION = YES;
				GCC_WARN_UNUSED_VARIABLE = YES;
				IPHONEOS_DEPLOYMENT_TARGET = 14.4;
				MTL_ENABLE_DEBUG_INFO = NO;
				MTL_FAST_MATH = YES;
				SDKROOT = iphoneos;
				SWIFT_COMPILATION_MODE = wholemodule;
				SWIFT_OPTIMIZATION_LEVEL = "-O";
				VALIDATE_PRODUCT = YES;
			};
			name = Release;
		};
		3605444925E18E2C0038CBC6 /* Debug */ = {
			isa = XCBuildConfiguration;
			buildSettings = {
				ASSETCATALOG_COMPILER_APPICON_NAME = AppIcon;
				ASSETCATALOG_COMPILER_GLOBAL_ACCENT_COLOR_NAME = AccentColor;
				CODE_SIGN_STYLE = Automatic;
				DEVELOPMENT_ASSET_PATHS = "\"Stimuglove App by Cipnia/Preview Content\"";
				ENABLE_PREVIEWS = YES;
				INFOPLIST_FILE = "Stimuglove App by Cipnia/Info.plist";
				IPHONEOS_DEPLOYMENT_TARGET = 14.0;
				LD_RUNPATH_SEARCH_PATHS = (
					"$(inherited)",
					"@executable_path/Frameworks",
				);
				PRODUCT_BUNDLE_IDENTIFIER = "Team-Cipnia.Stimuglove-App-by-Cipnia";
				PRODUCT_NAME = "$(TARGET_NAME)";
				SWIFT_VERSION = 5.0;
				TARGETED_DEVICE_FAMILY = "1,2";
			};
			name = Debug;
		};
		3605444A25E18E2C0038CBC6 /* Release */ = {
			isa = XCBuildConfiguration;
			buildSettings = {
				ASSETCATALOG_COMPILER_APPICON_NAME = AppIcon;
				ASSETCATALOG_COMPILER_GLOBAL_ACCENT_COLOR_NAME = AccentColor;
				CODE_SIGN_STYLE = Automatic;
				DEVELOPMENT_ASSET_PATHS = "\"Stimuglove App by Cipnia/Preview Content\"";
				ENABLE_PREVIEWS = YES;
				INFOPLIST_FILE = "Stimuglove App by Cipnia/Info.plist";
				IPHONEOS_DEPLOYMENT_TARGET = 14.0;
				LD_RUNPATH_SEARCH_PATHS = (
					"$(inherited)",
					"@executable_path/Frameworks",
				);
				PRODUCT_BUNDLE_IDENTIFIER = "Team-Cipnia.Stimuglove-App-by-Cipnia";
				PRODUCT_NAME = "$(TARGET_NAME)";
				SWIFT_VERSION = 5.0;
				TARGETED_DEVICE_FAMILY = "1,2";
			};
			name = Release;
		};
		3605444C25E18E2C0038CBC6 /* Debug */ = {
			isa = XCBuildConfiguration;
			buildSettings = {
				ALWAYS_EMBED_SWIFT_STANDARD_LIBRARIES = YES;
				BUNDLE_LOADER = "$(TEST_HOST)";
				CODE_SIGN_STYLE = Automatic;
				INFOPLIST_FILE = "Stimuglove App by CipniaTests/Info.plist";
				IPHONEOS_DEPLOYMENT_TARGET = 14.0;
				LD_RUNPATH_SEARCH_PATHS = (
					"$(inherited)",
					"@executable_path/Frameworks",
					"@loader_path/Frameworks",
				);
				PRODUCT_BUNDLE_IDENTIFIER = "Team-Cipnia.Stimuglove-App-by-CipniaTests";
				PRODUCT_NAME = "$(TARGET_NAME)";
				SWIFT_VERSION = 5.0;
				TARGETED_DEVICE_FAMILY = "1,2";
				TEST_HOST = "$(BUILT_PRODUCTS_DIR)/Stimuglove App by Cipnia.app/Stimuglove App by Cipnia";
			};
			name = Debug;
		};
		3605444D25E18E2C0038CBC6 /* Release */ = {
			isa = XCBuildConfiguration;
			buildSettings = {
				ALWAYS_EMBED_SWIFT_STANDARD_LIBRARIES = YES;
				BUNDLE_LOADER = "$(TEST_HOST)";
				CODE_SIGN_STYLE = Automatic;
				INFOPLIST_FILE = "Stimuglove App by CipniaTests/Info.plist";
				IPHONEOS_DEPLOYMENT_TARGET = 14.0;
				LD_RUNPATH_SEARCH_PATHS = (
					"$(inherited)",
					"@executable_path/Frameworks",
					"@loader_path/Frameworks",
				);
				PRODUCT_BUNDLE_IDENTIFIER = "Team-Cipnia.Stimuglove-App-by-CipniaTests";
				PRODUCT_NAME = "$(TARGET_NAME)";
				SWIFT_VERSION = 5.0;
				TARGETED_DEVICE_FAMILY = "1,2";
				TEST_HOST = "$(BUILT_PRODUCTS_DIR)/Stimuglove App by Cipnia.app/Stimuglove App by Cipnia";
			};
			name = Release;
		};
		3605444F25E18E2C0038CBC6 /* Debug */ = {
			isa = XCBuildConfiguration;
			buildSettings = {
				ALWAYS_EMBED_SWIFT_STANDARD_LIBRARIES = YES;
				CODE_SIGN_STYLE = Automatic;
				INFOPLIST_FILE = "Stimuglove App by CipniaUITests/Info.plist";
				LD_RUNPATH_SEARCH_PATHS = (
					"$(inherited)",
					"@executable_path/Frameworks",
					"@loader_path/Frameworks",
				);
				PRODUCT_BUNDLE_IDENTIFIER = "Team-Cipnia.Stimuglove-App-by-CipniaUITests";
				PRODUCT_NAME = "$(TARGET_NAME)";
				SWIFT_VERSION = 5.0;
				TARGETED_DEVICE_FAMILY = "1,2";
				TEST_TARGET_NAME = "Stimuglove App by Cipnia";
			};
			name = Debug;
		};
		3605445025E18E2C0038CBC6 /* Release */ = {
			isa = XCBuildConfiguration;
			buildSettings = {
				ALWAYS_EMBED_SWIFT_STANDARD_LIBRARIES = YES;
				CODE_SIGN_STYLE = Automatic;
				INFOPLIST_FILE = "Stimuglove App by CipniaUITests/Info.plist";
				LD_RUNPATH_SEARCH_PATHS = (
					"$(inherited)",
					"@executable_path/Frameworks",
					"@loader_path/Frameworks",
				);
				PRODUCT_BUNDLE_IDENTIFIER = "Team-Cipnia.Stimuglove-App-by-CipniaUITests";
				PRODUCT_NAME = "$(TARGET_NAME)";
				SWIFT_VERSION = 5.0;
				TARGETED_DEVICE_FAMILY = "1,2";
				TEST_TARGET_NAME = "Stimuglove App by Cipnia";
			};
			name = Release;
		};
/* End XCBuildConfiguration section */

/* Begin XCConfigurationList section */
		3605441E25E18E2A0038CBC6 /* Build configuration list for PBXProject "Stimuglove App by Cipnia" */ = {
			isa = XCConfigurationList;
			buildConfigurations = (
				3605444625E18E2C0038CBC6 /* Debug */,
				3605444725E18E2C0038CBC6 /* Release */,
			);
			defaultConfigurationIsVisible = 0;
			defaultConfigurationName = Release;
		};
		3605444825E18E2C0038CBC6 /* Build configuration list for PBXNativeTarget "Stimuglove App by Cipnia" */ = {
			isa = XCConfigurationList;
			buildConfigurations = (
				3605444925E18E2C0038CBC6 /* Debug */,
				3605444A25E18E2C0038CBC6 /* Release */,
			);
			defaultConfigurationIsVisible = 0;
			defaultConfigurationName = Release;
		};
		3605444B25E18E2C0038CBC6 /* Build configuration list for PBXNativeTarget "Stimuglove App by CipniaTests" */ = {
			isa = XCConfigurationList;
			buildConfigurations = (
				3605444C25E18E2C0038CBC6 /* Debug */,
				3605444D25E18E2C0038CBC6 /* Release */,
			);
			defaultConfigurationIsVisible = 0;
			defaultConfigurationName = Release;
		};
		3605444E25E18E2C0038CBC6 /* Build configuration list for PBXNativeTarget "Stimuglove App by CipniaUITests" */ = {
			isa = XCConfigurationList;
			buildConfigurations = (
				3605444F25E18E2C0038CBC6 /* Debug */,
				3605445025E18E2C0038CBC6 /* Release */,
			);
			defaultConfigurationIsVisible = 0;
			defaultConfigurationName = Release;
		};
/* End XCConfigurationList section */
	};
	rootObject = 3605441B25E18E2A0038CBC6 /* Project object */;
}
